
Microsoft Visual Studio Solution File, Format Version 12.00
Project("{FAE04EC0-301F-11D3-BF4B-00C04F79EFBC}") = "AniMATE_Api", "AniMATE_Api\AniMATE_Api.csproj", "{B659E425-0373-4FF3-9327-0E8E951F58B3}"
EndProject
Global
	GlobalSection(SolutionConfigurationPlatforms) = preSolution
		Debug|Any CPU = Debug|Any CPU
		Release|Any CPU = Release|Any CPU
	EndGlobalSection
	GlobalSection(ProjectConfigurationPlatforms) = postSolution
		{B659E425-0373-4FF3-9327-0E8E951F58B3}.Debug|Any CPU.ActiveCfg = Debug|Any CPU
		{B659E425-0373-4FF3-9327-0E8E951F58B3}.Debug|Any CPU.Build.0 = Debug|Any CPU
		{B659E425-0373-4FF3-9327-0E8E951F58B3}.Release|Any CPU.ActiveCfg = Release|Any CPU
		{B659E425-0373-4FF3-9327-0E8E951F58B3}.Release|Any CPU.Build.0 = Release|Any CPU
	EndGlobalSection
EndGlobal
